
Microsoft Visual Studio Solution File, Format Version 12.00
# Visual Studio Version 17
VisualStudioVersion = 17.12.35728.132
MinimumVisualStudioVersion = 10.0.40219.1
Project("{FAE04EC0-301F-11D3-BF4B-00C04F79EFBC}") = "Polhem.OAuth2", "src\Polhem.OAuth2\Polhem.OAuth2.csproj", "{2BB23F4B-68CF-417D-97CB-01CB14FC61EC}"
EndProject
Project("{FAE04EC0-301F-11D3-BF4B-00C04F79EFBC}") = "Polhem.OAuth2.WinForms", "src\Polhem.OAuth2.WinForms\Polhem.OAuth2.WinForms.csproj", "{D330B5D2-EC61-413B-8AC2-C1DC83D8F751}"
EndProject
Project("{FAE04EC0-301F-11D3-BF4B-00C04F79EFBC}") = "Polhem.OAuth2.AspNet", "src\Polhem.OAuth2.AspNet\Polhem.OAuth2.AspNet.csproj", "{025EC9BD-0767-4755-8E2A-8D114A884A78}"
EndProject
Project("{2150E333-8FDC-42A3-9474-1A3956D46DE8}") = "src", "src", "{D368F841-FE36-4A7F-BD66-8B655EC29392}"
EndProject
Project("{FAE04EC0-301F-11D3-BF4B-00C04F79EFBC}") = "Polhem.OAuth2.Desktop", "src\Polhem.OAuth2.Desktop\Polhem.OAuth2.Desktop.csproj", "{8F395089-5383-4EC0-A6BB-03540099DD40}"
EndProject
Project("{2150E333-8FDC-42A3-9474-1A3956D46DE8}") = "samples", "samples", "{02EA681E-C7D8-13C7-8484-4AC65E1B71E8}"
EndProject
Project("{FAE04EC0-301F-11D3-BF4B-00C04F79EFBC}") = "OAuthDesktop", "samples\OAuthDesktop\OAuthDesktop.csproj", "{570D5E69-B861-4290-AE6B-168E814901F8}"
EndProject
Project("{FAE04EC0-301F-11D3-BF4B-00C04F79EFBC}") = "OAuthWinForms", "samples\OAuthWinForms\OAuthWinForms.csproj", "{4516BBC0-5E68-42B2-AD56-AB6E1775417E}"
EndProject
Project("{2150E333-8FDC-42A3-9474-1A3956D46DE8}") = "docs", "docs", "{8DDC4786-5FC8-F15C-1CA5-9F41FD4BEB75}"
	ProjectSection(SolutionItems) = preProject
		README.md = README.md
	EndProjectSection
EndProject
Project("{FAE04EC0-301F-11D3-BF4B-00C04F79EFBC}") = "OAuthAspNet", "samples\OAuthAspNet\OAuthAspNet.csproj", "{D7590DC2-A65F-453E-B788-56D6E3F8D8D6}"
EndProject
Project("{FAE04EC0-301F-11D3-BF4B-00C04F79EFBC}") = "Polhem.OAuth2.AspNetCore", "src\Polhem.OAuth2.AspNetCore\Polhem.OAuth2.AspNetCore.csproj", "{E985FCC6-B056-4225-9B1B-F275323F6415}"
EndProject
Project("{FAE04EC0-301F-11D3-BF4B-00C04F79EFBC}") = "OAuthAspNetCore", "samples\OAuthAspNetCore\OAuthAspNetCore.csproj", "{60BB277A-F7B5-4521-86EF-42FBF25D8C92}"
EndProject
Project("{2150E333-8FDC-42A3-9474-1A3956D46DE8}") = "tests", "tests", "{0AB3BF05-4346-4AA6-1389-037BE0695223}"
EndProject
Project("{FAE04EC0-301F-11D3-BF4B-00C04F79EFBC}") = "Polhem.OAuth2.UnitTests", "tests\Polhem.OAuth2.UnitTests\Polhem.OAuth2.UnitTests.csproj", "{44AF1673-3F4F-4DF8-ABF4-F9672104EEC1}"
EndProject
Global
	GlobalSection(SolutionConfigurationPlatforms) = preSolution
		Debug|Any CPU = Debug|Any CPU
		Release|Any CPU = Release|Any CPU
	EndGlobalSection
	GlobalSection(ProjectConfigurationPlatforms) = postSolution
		{2BB23F4B-68CF-417D-97CB-01CB14FC61EC}.Debug|Any CPU.ActiveCfg = Debug|Any CPU
		{2BB23F4B-68CF-417D-97CB-01CB14FC61EC}.Debug|Any CPU.Build.0 = Debug|Any CPU
		{2BB23F4B-68CF-417D-97CB-01CB14FC61EC}.Release|Any CPU.ActiveCfg = Release|Any CPU
		{2BB23F4B-68CF-417D-97CB-01CB14FC61EC}.Release|Any CPU.Build.0 = Release|Any CPU
		{D330B5D2-EC61-413B-8AC2-C1DC83D8F751}.Debug|Any CPU.ActiveCfg = Debug|Any CPU
		{D330B5D2-EC61-413B-8AC2-C1DC83D8F751}.Debug|Any CPU.Build.0 = Debug|Any CPU
		{D330B5D2-EC61-413B-8AC2-C1DC83D8F751}.Release|Any CPU.ActiveCfg = Release|Any CPU
		{D330B5D2-EC61-413B-8AC2-C1DC83D8F751}.Release|Any CPU.Build.0 = Release|Any CPU
		{025EC9BD-0767-4755-8E2A-8D114A884A78}.Debug|Any CPU.ActiveCfg = Debug|Any CPU
		{025EC9BD-0767-4755-8E2A-8D114A884A78}.Debug|Any CPU.Build.0 = Debug|Any CPU
		{025EC9BD-0767-4755-8E2A-8D114A884A78}.Release|Any CPU.ActiveCfg = Release|Any CPU
		{025EC9BD-0767-4755-8E2A-8D114A884A78}.Release|Any CPU.Build.0 = Release|Any CPU
		{8F395089-5383-4EC0-A6BB-03540099DD40}.Debug|Any CPU.ActiveCfg = Debug|Any CPU
		{8F395089-5383-4EC0-A6BB-03540099DD40}.Debug|Any CPU.Build.0 = Debug|Any CPU
		{8F395089-5383-4EC0-A6BB-03540099DD40}.Release|Any CPU.ActiveCfg = Release|Any CPU
		{8F395089-5383-4EC0-A6BB-03540099DD40}.Release|Any CPU.Build.0 = Release|Any CPU
		{570D5E69-B861-4290-AE6B-168E814901F8}.Debug|Any CPU.ActiveCfg = Debug|Any CPU
		{570D5E69-B861-4290-AE6B-168E814901F8}.Debug|Any CPU.Build.0 = Debug|Any CPU
		{570D5E69-B861-4290-AE6B-168E814901F8}.Release|Any CPU.ActiveCfg = Release|Any CPU
		{570D5E69-B861-4290-AE6B-168E814901F8}.Release|Any CPU.Build.0 = Release|Any CPU
		{4516BBC0-5E68-42B2-AD56-AB6E1775417E}.Debug|Any CPU.ActiveCfg = Debug|Any CPU
		{4516BBC0-5E68-42B2-AD56-AB6E1775417E}.Debug|Any CPU.Build.0 = Debug|Any CPU
		{4516BBC0-5E68-42B2-AD56-AB6E1775417E}.Release|Any CPU.ActiveCfg = Release|Any CPU
		{4516BBC0-5E68-42B2-AD56-AB6E1775417E}.Release|Any CPU.Build.0 = Release|Any CPU
		{D7590DC2-A65F-453E-B788-56D6E3F8D8D6}.Debug|Any CPU.ActiveCfg = Debug|Any CPU
		{D7590DC2-A65F-453E-B788-56D6E3F8D8D6}.Debug|Any CPU.Build.0 = Debug|Any CPU
		{D7590DC2-A65F-453E-B788-56D6E3F8D8D6}.Release|Any CPU.ActiveCfg = Release|Any CPU
		{D7590DC2-A65F-453E-B788-56D6E3F8D8D6}.Release|Any CPU.Build.0 = Release|Any CPU
		{E985FCC6-B056-4225-9B1B-F275323F6415}.Debug|Any CPU.ActiveCfg = Debug|Any CPU
		{E985FCC6-B056-4225-9B1B-F275323F6415}.Debug|Any CPU.Build.0 = Debug|Any CPU
		{E985FCC6-B056-4225-9B1B-F275323F6415}.Release|Any CPU.ActiveCfg = Release|Any CPU
		{E985FCC6-B056-4225-9B1B-F275323F6415}.Release|Any CPU.Build.0 = Release|Any CPU
		{60BB277A-F7B5-4521-86EF-42FBF25D8C92}.Debug|Any CPU.ActiveCfg = Debug|Any CPU
		{60BB277A-F7B5-4521-86EF-42FBF25D8C92}.Debug|Any CPU.Build.0 = Debug|Any CPU
		{60BB277A-F7B5-4521-86EF-42FBF25D8C92}.Release|Any CPU.ActiveCfg = Release|Any CPU
		{60BB277A-F7B5-4521-86EF-42FBF25D8C92}.Release|Any CPU.Build.0 = Release|Any CPU
		{44AF1673-3F4F-4DF8-ABF4-F9672104EEC1}.Debug|Any CPU.ActiveCfg = Debug|Any CPU
		{44AF1673-3F4F-4DF8-ABF4-F9672104EEC1}.Debug|Any CPU.Build.0 = Debug|Any CPU
		{44AF1673-3F4F-4DF8-ABF4-F9672104EEC1}.Release|Any CPU.ActiveCfg = Release|Any CPU
		{44AF1673-3F4F-4DF8-ABF4-F9672104EEC1}.Release|Any CPU.Build.0 = Release|Any CPU
	EndGlobalSection
	GlobalSection(SolutionProperties) = preSolution
		HideSolutionNode = FALSE
	EndGlobalSection
	GlobalSection(NestedProjects) = preSolution
		{2BB23F4B-68CF-417D-97CB-01CB14FC61EC} = {D368F841-FE36-4A7F-BD66-8B655EC29392}
		{D330B5D2-EC61-413B-8AC2-C1DC83D8F751} = {D368F841-FE36-4A7F-BD66-8B655EC29392}
		{025EC9BD-0767-4755-8E2A-8D114A884A78} = {D368F841-FE36-4A7F-BD66-8B655EC29392}
		{8F395089-5383-4EC0-A6BB-03540099DD40} = {D368F841-FE36-4A7F-BD66-8B655EC29392}
		{570D5E69-B861-4290-AE6B-168E814901F8} = {02EA681E-C7D8-13C7-8484-4AC65E1B71E8}
		{4516BBC0-5E68-42B2-AD56-AB6E1775417E} = {02EA681E-C7D8-13C7-8484-4AC65E1B71E8}
		{D7590DC2-A65F-453E-B788-56D6E3F8D8D6} = {02EA681E-C7D8-13C7-8484-4AC65E1B71E8}
		{E985FCC6-B056-4225-9B1B-F275323F6415} = {D368F841-FE36-4A7F-BD66-8B655EC29392}
		{60BB277A-F7B5-4521-86EF-42FBF25D8C92} = {02EA681E-C7D8-13C7-8484-4AC65E1B71E8}
		{44AF1673-3F4F-4DF8-ABF4-F9672104EEC1} = {0AB3BF05-4346-4AA6-1389-037BE0695223}
	EndGlobalSection
	GlobalSection(ExtensibilityGlobals) = postSolution
		SolutionGuid = {117BAFD6-7714-4E7D-870B-0AEA11BDF273}
	EndGlobalSection
EndGlobal
